// !$*UTF8*$!
{
	archiveVersion = 1;
	classes = {
	};
	objectVersion = 77;
	objects = {

/* Begin PBXBuildFile section */
		B9C0D1D72FD15D7D00BDFAE0 /* Assets.xcassets in Resources */ = {isa = PBXBuildFile; fileRef = B9C0D1D32FD15D7D00BDFAE0 /* Assets.xcassets */; };
		B9C0D1D92FD15D7D00BDFAE0 /* Project.swift in Sources */ = {isa = PBXBuildFile; fileRef = B9C0D1AF2FD15D7D00BDFAE0 /* Project.swift */; };
		B9C0D1DA2FD15D7D00BDFAE0 /* ProjectModel.swift in Sources */ = {isa = PBXBuildFile; fileRef = B9C0D1B02FD15D7D00BDFAE0 /* ProjectModel.swift */; };
		B9C0D1DB2FD15D7D00BDFAE0 /* CanvasModel.swift in Sources */ = {isa = PBXBuildFile; fileRef = B9C0D1B22FD15D7D00BDFAE0 /* CanvasModel.swift */; };
		B9C0D1DC2FD15D7D00BDFAE0 /* ProjectDetailModel.swift in Sources */ = {isa = PBXBuildFile; fileRef = B9C0D1B32FD15D7D00BDFAE0 /* ProjectDetailModel.swift */; };
		B9C0D1DD2FD15D7D00BDFAE0 /* APIService.swift in Sources */ = {isa = PBXBuildFile; fileRef = B9C0D1B62FD15D7D00BDFAE0 /* APIService.swift */; };
		B9C0D1DE2FD15D7D00BDFAE0 /* LocalFileManager.swift in Sources */ = {isa = PBXBuildFile; fileRef = B9C0D1B72FD15D7D00BDFAE0 /* LocalFileManager.swift */; };
		B9C0D1DF2FD15D7D00BDFAE0 /* PhotoLibrarySaver.swift in Sources */ = {isa = PBXBuildFile; fileRef = B9C0D1B82FD15D7D00BDFAE0 /* PhotoLibrarySaver.swift */; };
		B9C0D1E02FD15D7D00BDFAE0 /* PopupAddProject.swift in Sources */ = {isa = PBXBuildFile; fileRef = B9C0D1BA2FD15D7D00BDFAE0 /* PopupAddProject.swift */; };
		B9C0D1E12FD15D7D00BDFAE0 /* ProjectListView.swift in Sources */ = {isa = PBXBuildFile; fileRef = B9C0D1BB2FD15D7D00BDFAE0 /* ProjectListView.swift */; };
		B9C0D1E22FD15D7D00BDFAE0 /* ProjectSingle.swift in Sources */ = {isa = PBXBuildFile; fileRef = B9C0D1BC2FD15D7D00BDFAE0 /* ProjectSingle.swift */; };
		B9C0D1E32FD15D7D00BDFAE0 /* ProjectDetailBottom.swift in Sources */ = {isa = PBXBuildFile; fileRef = B9C0D1BE2FD15D7D00BDFAE0 /* ProjectDetailBottom.swift */; };
		B9C0D1E42FD15D7D00BDFAE0 /* ProjectDetailHeader.swift in Sources */ = {isa = PBXBuildFile; fileRef = B9C0D1C02FD15D7D00BDFAE0 /* ProjectDetailHeader.swift */; };
		B9C0D1E52FD15D7D00BDFAE0 /* PhotoGesture.swift in Sources */ = {isa = PBXBuildFile; fileRef = B9C0D1C22FD15D7D00BDFAE0 /* PhotoGesture.swift */; };
		B9C0D1E62FD15D7D00BDFAE0 /* PhotoGestureCoordinator.swift in Sources */ = {isa = PBXBuildFile; fileRef = B9C0D1C32FD15D7D00BDFAE0 /* PhotoGestureCoordinator.swift */; };
		B9C0D1E72FD15D7D00BDFAE0 /* CanvasScrollView.swift in Sources */ = {isa = PBXBuildFile; fileRef = B9C0D1C52FD15D7D00BDFAE0 /* CanvasScrollView.swift */; };
		B9C0D1E82FD15D7D00BDFAE0 /* PhotoItemView.swift in Sources */ = {isa = PBXBuildFile; fileRef = B9C0D1C62FD15D7D00BDFAE0 /* PhotoItemView.swift */; };
		B9C0D1E92FD15D7D00BDFAE0 /* PhotoSelectionOverlay.swift in Sources */ = {isa = PBXBuildFile; fileRef = B9C0D1C72FD15D7D00BDFAE0 /* PhotoSelectionOverlay.swift */; };
		B9C0D1EA2FD15D7D00BDFAE0 /* ProjectDetailMiddle.swift in Sources */ = {isa = PBXBuildFile; fileRef = B9C0D1C82FD15D7D00BDFAE0 /* ProjectDetailMiddle.swift */; };
		B9C0D1EB2FD15D7D00BDFAE0 /* Slider.swift in Sources */ = {isa = PBXBuildFile; fileRef = B9C0D1CB2FD15D7D00BDFAE0 /* Slider.swift */; };
		B9C0D1EC2FD15D7D00BDFAE0 /* ShareLinkTest.swift in Sources */ = {isa = PBXBuildFile; fileRef = B9C0D1CD2FD15D7D00BDFAE0 /* ShareLinkTest.swift */; };
		B9C0D1ED2FD15D7D00BDFAE0 /* test.swift in Sources */ = {isa = PBXBuildFile; fileRef = B9C0D1CE2FD15D7D00BDFAE0 /* test.swift */; };
		B9C0D1EE2FD15D7D00BDFAE0 /* testt123.swift in Sources */ = {isa = PBXBuildFile; fileRef = B9C0D1CF2FD15D7D00BDFAE0 /* testt123.swift */; };
		B9C0D1EF2FD15D7D00BDFAE0 /* ProjectDetailView.swift in Sources */ = {isa = PBXBuildFile; fileRef = B9C0D1D12FD15D7D00BDFAE0 /* ProjectDetailView.swift */; };
		B9C0D1F02FD15D7D00BDFAE0 /* Test1App.swift in Sources */ = {isa = PBXBuildFile; fileRef = B9C0D1D52FD15D7D00BDFAE0 /* Test1App.swift */; };
/* End PBXBuildFile section */

/* Begin PBXFileReference section */
		B9404BEA2FB168F50006E874 /* Test1.app */ = {isa = PBXFileReference; explicitFileType = wrapper.application; includeInIndex = 0; path = Test1.app; sourceTree = BUILT_PRODUCTS_DIR; };
		B9C0D1AF2FD15D7D00BDFAE0 /* Project.swift */ = {isa = PBXFileReference; lastKnownFileType = sourcecode.swift; path = Project.swift; sourceTree = "<group>"; };
		B9C0D1B02FD15D7D00BDFAE0 /* ProjectModel.swift */ = {isa = PBXFileReference; lastKnownFileType = sourcecode.swift; path = ProjectModel.swift; sourceTree = "<group>"; };
		B9C0D1B22FD15D7D00BDFAE0 /* CanvasModel.swift */ = {isa = PBXFileReference; lastKnownFileType = sourcecode.swift; path = CanvasModel.swift; sourceTree = "<group>"; };
		B9C0D1B32FD15D7D00BDFAE0 /* ProjectDetailModel.swift */ = {isa = PBXFileReference; lastKnownFileType = sourcecode.swift; path = ProjectDetailModel.swift; sourceTree = "<group>"; };
		B9C0D1B62FD15D7D00BDFAE0 /* APIService.swift */ = {isa = PBXFileReference; lastKnownFileType = sourcecode.swift; path = APIService.swift; sourceTree = "<group>"; };
		B9C0D1B72FD15D7D00BDFAE0 /* LocalFileManager.swift */ = {isa = PBXFileReference; lastKnownFileType = sourcecode.swift; path = LocalFileManager.swift; sourceTree = "<group>"; };
		B9C0D1B82FD15D7D00BDFAE0 /* PhotoLibrarySaver.swift */ = {isa = PBXFileReference; lastKnownFileType = sourcecode.swift; path = PhotoLibrarySaver.swift; sourceTree = "<group>"; };
		B9C0D1BA2FD15D7D00BDFAE0 /* PopupAddProject.swift */ = {isa = PBXFileReference; lastKnownFileType = sourcecode.swift; path = PopupAddProject.swift; sourceTree = "<group>"; };
		B9C0D1BB2FD15D7D00BDFAE0 /* ProjectListView.swift */ = {isa = PBXFileReference; lastKnownFileType = sourcecode.swift; path = ProjectListView.swift; sourceTree = "<group>"; };
		B9C0D1BC2FD15D7D00BDFAE0 /* ProjectSingle.swift */ = {isa = PBXFileReference; lastKnownFileType = sourcecode.swift; path = ProjectSingle.swift; sourceTree = "<group>"; };
		B9C0D1BE2FD15D7D00BDFAE0 /* ProjectDetailBottom.swift */ = {isa = PBXFileReference; lastKnownFileType = sourcecode.swift; path = ProjectDetailBottom.swift; sourceTree = "<group>"; };
		B9C0D1C02FD15D7D00BDFAE0 /* ProjectDetailHeader.swift */ = {isa = PBXFileReference; lastKnownFileType = sourcecode.swift; path = ProjectDetailHeader.swift; sourceTree = "<group>"; };
		B9C0D1C22FD15D7D00BDFAE0 /* PhotoGesture.swift */ = {isa = PBXFileReference; lastKnownFileType = sourcecode.swift; path = PhotoGesture.swift; sourceTree = "<group>"; };
		B9C0D1C32FD15D7D00BDFAE0 /* PhotoGestureCoordinator.swift */ = {isa = PBXFileReference; lastKnownFileType = sourcecode.swift; path = PhotoGestureCoordinator.swift; sourceTree = "<group>"; };
		B9C0D1C52FD15D7D00BDFAE0 /* CanvasScrollView.swift */ = {isa = PBXFileReference; lastKnownFileType = sourcecode.swift; path = CanvasScrollView.swift; sourceTree = "<group>"; };
		B9C0D1C62FD15D7D00BDFAE0 /* PhotoItemView.swift */ = {isa = PBXFileReference; lastKnownFileType = sourcecode.swift; path = PhotoItemView.swift; sourceTree = "<group>"; };
		B9C0D1C72FD15D7D00BDFAE0 /* PhotoSelectionOverlay.swift */ = {isa = PBXFileReference; lastKnownFileType = sourcecode.swift; path = PhotoSelectionOverlay.swift; sourceTree = "<group>"; };
		B9C0D1C82FD15D7D00BDFAE0 /* ProjectDetailMiddle.swift */ = {isa = PBXFileReference; lastKnownFileType = sourcecode.swift; path = ProjectDetailMiddle.swift; sourceTree = "<group>"; };
		B9C0D1CB2FD15D7D00BDFAE0 /* Slider.swift */ = {isa = PBXFileReference; lastKnownFileType = sourcecode.swift; path = Slider.swift; sourceTree = "<group>"; };
		B9C0D1CD2FD15D7D00BDFAE0 /* ShareLinkTest.swift */ = {isa = PBXFileReference; lastKnownFileType = sourcecode.swift; path = ShareLinkTest.swift; sourceTree = "<group>"; };
		B9C0D1CE2FD15D7D00BDFAE0 /* test.swift */ = {isa = PBXFileReference; lastKnownFileType = sourcecode.swift; path = test.swift; sourceTree = "<group>"; };
		B9C0D1CF2FD15D7D00BDFAE0 /* testt123.swift */ = {isa = PBXFileReference; lastKnownFileType = sourcecode.swift; path = testt123.swift; sourceTree = "<group>"; };
		B9C0D1D12FD15D7D00BDFAE0 /* ProjectDetailView.swift */ = {isa = PBXFileReference; lastKnownFileType = sourcecode.swift; path = ProjectDetailView.swift; sourceTree = "<group>"; };
		B9C0D1D32FD15D7D00BDFAE0 /* Assets.xcassets */ = {isa = PBXFileReference; lastKnownFileType = folder.assetcatalog; path = Assets.xcassets; sourceTree = "<group>"; };
		B9C0D1D42FD15D7D00BDFAE0 /* Info.plist */ = {isa = PBXFileReference; lastKnownFileType = text.plist.xml; path = Info.plist; sourceTree = "<group>"; };
		B9C0D1D52FD15D7D00BDFAE0 /* Test1App.swift */ = {isa = PBXFileReference; lastKnownFileType = sourcecode.swift; path = Test1App.swift; sourceTree = "<group>"; };
/* End PBXFileReference section */

/* Begin PBXFrameworksBuildPhase section */
		B9404BE72FB168F50006E874 /* Frameworks */ = {
			isa = PBXFrameworksBuildPhase;
			buildActionMask = 2147483647;
			files = (
			);
			runOnlyForDeploymentPostprocessing = 0;
		};
/* End PBXFrameworksBuildPhase section */

/* Begin PBXGroup section */
		B9404BE12FB168F50006E874 = {
			isa = PBXGroup;
			children = (
				B9C0D1D62FD15D7D00BDFAE0 /* Test1 */,
				B9404BEB2FB168F50006E874 /* Products */,
			);
			sourceTree = "<group>";
		};
		B9404BEB2FB168F50006E874 /* Products */ = {
			isa = PBXGroup;
			children = (
				B9404BEA2FB168F50006E874 /* Test1.app */,
			);
			name = Products;
			sourceTree = "<group>";
		};
		B9C0D1B12FD15D7D00BDFAE0 /* Screen1 */ = {
			isa = PBXGroup;
			children = (
				B9C0D1AF2FD15D7D00BDFAE0 /* Project.swift */,
				B9C0D1B02FD15D7D00BDFAE0 /* ProjectModel.swift */,
			);
			path = Screen1;
			sourceTree = "<group>";
		};
		B9C0D1B42FD15D7D00BDFAE0 /* Screen2 */ = {
			isa = PBXGroup;
			children = (
				B9C0D1B22FD15D7D00BDFAE0 /* CanvasModel.swift */,
				B9C0D1B32FD15D7D00BDFAE0 /* ProjectDetailModel.swift */,
			);
			path = Screen2;
			sourceTree = "<group>";
		};
		B9C0D1B52FD15D7D00BDFAE0 /* Models */ = {
			isa = PBXGroup;
			children = (
				B9C0D1B12FD15D7D00BDFAE0 /* Screen1 */,
				B9C0D1B42FD15D7D00BDFAE0 /* Screen2 */,
			);
			path = Models;
			sourceTree = "<group>";
		};
		B9C0D1B92FD15D7D00BDFAE0 /* Services */ = {
			isa = PBXGroup;
			children = (
				B9C0D1B62FD15D7D00BDFAE0 /* APIService.swift */,
				B9C0D1B72FD15D7D00BDFAE0 /* LocalFileManager.swift */,
				B9C0D1B82FD15D7D00BDFAE0 /* PhotoLibrarySaver.swift */,
			);
			path = Services;
			sourceTree = "<group>";
		};
		B9C0D1BD2FD15D7D00BDFAE0 /* Screen1 */ = {
			isa = PBXGroup;
			children = (
				B9C0D1BA2FD15D7D00BDFAE0 /* PopupAddProject.swift */,
				B9C0D1BB2FD15D7D00BDFAE0 /* ProjectListView.swift */,
				B9C0D1BC2FD15D7D00BDFAE0 /* ProjectSingle.swift */,
			);
			path = Screen1;
			sourceTree = "<group>";
		};
		B9C0D1BF2FD15D7D00BDFAE0 /* ProjectDetailBottom */ = {
			isa = PBXGroup;
			children = (
				B9C0D1BE2FD15D7D00BDFAE0 /* ProjectDetailBottom.swift */,
			);
			path = ProjectDetailBottom;
			sourceTree = "<group>";
		};
		B9C0D1C12FD15D7D00BDFAE0 /* ProjectDetailHeader */ = {
			isa = PBXGroup;
			children = (
				B9C0D1C02FD15D7D00BDFAE0 /* ProjectDetailHeader.swift */,
			);
			path = ProjectDetailHeader;
			sourceTree = "<group>";
		};
		B9C0D1C42FD15D7D00BDFAE0 /* GesturePhoto */ = {
			isa = PBXGroup;
			children = (
				B9C0D1C22FD15D7D00BDFAE0 /* PhotoGesture.swift */,
				B9C0D1C32FD15D7D00BDFAE0 /* PhotoGestureCoordinator.swift */,
			);
			path = GesturePhoto;
			sourceTree = "<group>";
		};
		B9C0D1C92FD15D7D00BDFAE0 /* ProjectDetailMiddle */ = {
			isa = PBXGroup;
			children = (
				B9C0D1C42FD15D7D00BDFAE0 /* GesturePhoto */,
				B9C0D1C52FD15D7D00BDFAE0 /* CanvasScrollView.swift */,
				B9C0D1C62FD15D7D00BDFAE0 /* PhotoItemView.swift */,
				B9C0D1C72FD15D7D00BDFAE0 /* PhotoSelectionOverlay.swift */,
				B9C0D1C82FD15D7D00BDFAE0 /* ProjectDetailMiddle.swift */,
			);
			path = ProjectDetailMiddle;
			sourceTree = "<group>";
		};
		B9C0D1CA2FD15D7D00BDFAE0 /* Screen2 */ = {
			isa = PBXGroup;
			children = (
				B9C0D1BF2FD15D7D00BDFAE0 /* ProjectDetailBottom */,
				B9C0D1C92FD15D7D00BDFAE0 /* ProjectDetailMiddle */,
				B9C0D1C12FD15D7D00BDFAE0 /* ProjectDetailHeader */,
			);
			path = Screen2;
			sourceTree = "<group>";
		};
		B9C0D1CC2FD15D7D00BDFAE0 /* Screen3 */ = {
			isa = PBXGroup;
			children = (
				B9C0D1CB2FD15D7D00BDFAE0 /* Slider.swift */,
			);
			path = Screen3;
			sourceTree = "<group>";
		};
		B9C0D1D02FD15D7D00BDFAE0 /* test */ = {
			isa = PBXGroup;
			children = (
				B9C0D1CD2FD15D7D00BDFAE0 /* ShareLinkTest.swift */,
				B9C0D1CE2FD15D7D00BDFAE0 /* test.swift */,
				B9C0D1CF2FD15D7D00BDFAE0 /* testt123.swift */,
			);
			path = test;
			sourceTree = "<group>";
		};
		B9C0D1D22FD15D7D00BDFAE0 /* Views */ = {
			isa = PBXGroup;
			children = (
				B9C0D1BD2FD15D7D00BDFAE0 /* Screen1 */,
				B9C0D1CA2FD15D7D00BDFAE0 /* Screen2 */,
				B9C0D1CC2FD15D7D00BDFAE0 /* Screen3 */,
				B9C0D1D02FD15D7D00BDFAE0 /* test */,
				B9C0D1D12FD15D7D00BDFAE0 /* ProjectDetailView.swift */,
			);
			path = Views;
			sourceTree = "<group>";
		};
		B9C0D1D62FD15D7D00BDFAE0 /* Test1 */ = {
			isa = PBXGroup;
			children = (
				B9C0D1B52FD15D7D00BDFAE0 /* Models */,
				B9C0D1B92FD15D7D00BDFAE0 /* Services */,
				B9C0D1D22FD15D7D00BDFAE0 /* Views */,
				B9C0D1D32FD15D7D00BDFAE0 /* Assets.xcassets */,
				B9C0D1D42FD15D7D00BDFAE0 /* Info.plist */,
				B9C0D1D52FD15D7D00BDFAE0 /* Test1App.swift */,
			);
			path = Test1;
			sourceTree = "<group>";
		};
/* End PBXGroup section */

/* Begin PBXNativeTarget section */
		B9404BE92FB168F50006E874 /* Test1 */ = {
			isa = PBXNativeTarget;
			buildConfigurationList = B9404BF52FB168F70006E874 /* Build configuration list for PBXNativeTarget "Test1" */;
			buildPhases = (
				B9404BE62FB168F50006E874 /* Sources */,
				B9404BE72FB168F50006E874 /* Frameworks */,
				B9404BE82FB168F50006E874 /* Resources */,
			);
			buildRules = (
			);
			dependencies = (
			);
			name = Test1;
			packageProductDependencies = (
			);
			productName = Test1;
			productReference = B9404BEA2FB168F50006E874 /* Test1.app */;
			productType = "com.apple.product-type.application";
		};
/* End PBXNativeTarget section */

/* Begin PBXProject section */
		B9404BE22FB168F50006E874 /* Project object */ = {
			isa = PBXProject;
			attributes = {
				BuildIndependentTargetsInParallel = 1;
				LastSwiftUpdateCheck = 2640;
				LastUpgradeCheck = 2640;
				TargetAttributes = {
					B9404BE92FB168F50006E874 = {
						CreatedOnToolsVersion = 26.4.1;
					};
				};
			};
			buildConfigurationList = B9404BE52FB168F50006E874 /* Build configuration list for PBXProject "Test1" */;
			developmentRegion = en;
			hasScannedForEncodings = 0;
			knownRegions = (
				en,
				Base,
			);
			mainGroup = B9404BE12FB168F50006E874;
			minimizedProjectReferenceProxies = 1;
			preferredProjectObjectVersion = 77;
			productRefGroup = B9404BEB2FB168F50006E874 /* Products */;
			projectDirPath = "";
			projectRoot = "";
			targets = (
				B9404BE92FB168F50006E874 /* Test1 */,
			);
		};
/* End PBXProject section */

/* Begin PBXResourcesBuildPhase section */
		B9404BE82FB168F50006E874 /* Resources */ = {
			isa = PBXResourcesBuildPhase;
			buildActionMask = 2147483647;
			files = (
				B9C0D1D72FD15D7D00BDFAE0 /* Assets.xcassets in Resources */,
			);
			runOnlyForDeploymentPostprocessing = 0;
		};
/* End PBXResourcesBuildPhase section */

/* Begin PBXSourcesBuildPhase section */
		B9404BE62FB168F50006E874 /* Sources */ = {
			isa = PBXSourcesBuildPhase;
			buildActionMask = 2147483647;
			files = (
				B9C0D1D92FD15D7D00BDFAE0 /* Project.swift in Sources */,
				B9C0D1DA2FD15D7D00BDFAE0 /* ProjectModel.swift in Sources */,
				B9C0D1DB2FD15D7D00BDFAE0 /* CanvasModel.swift in Sources */,
				B9C0D1DC2FD15D7D00BDFAE0 /* ProjectDetailModel.swift in Sources */,
				B9C0D1DD2FD15D7D00BDFAE0 /* APIService.swift in Sources */,
				B9C0D1DE2FD15D7D00BDFAE0 /* LocalFileManager.swift in Sources */,
				B9C0D1DF2FD15D7D00BDFAE0 /* PhotoLibrarySaver.swift in Sources */,
				B9C0D1E02FD15D7D00BDFAE0 /* PopupAddProject.swift in Sources */,
				B9C0D1E12FD15D7D00BDFAE0 /* ProjectListView.swift in Sources */,
				B9C0D1E22FD15D7D00BDFAE0 /* ProjectSingle.swift in Sources */,
				B9C0D1E32FD15D7D00BDFAE0 /* ProjectDetailBottom.swift in Sources */,
				B9C0D1E42FD15D7D00BDFAE0 /* ProjectDetailHeader.swift in Sources */,
				B9C0D1E52FD15D7D00BDFAE0 /* PhotoGesture.swift in Sources */,
				B9C0D1E62FD15D7D00BDFAE0 /* PhotoGestureCoordinator.swift in Sources */,
				B9C0D1E72FD15D7D00BDFAE0 /* CanvasScrollView.swift in Sources */,
				B9C0D1E82FD15D7D00BDFAE0 /* PhotoItemView.swift in Sources */,
				B9C0D1E92FD15D7D00BDFAE0 /* PhotoSelectionOverlay.swift in Sources */,
				B9C0D1EA2FD15D7D00BDFAE0 /* ProjectDetailMiddle.swift in Sources */,
				B9C0D1EB2FD15D7D00BDFAE0 /* Slider.swift in Sources */,
				B9C0D1EC2FD15D7D00BDFAE0 /* ShareLinkTest.swift in Sources */,
				B9C0D1ED2FD15D7D00BDFAE0 /* test.swift in Sources */,
				B9C0D1EE2FD15D7D00BDFAE0 /* testt123.swift in Sources */,
				B9C0D1EF2FD15D7D00BDFAE0 /* ProjectDetailView.swift in Sources */,
				B9C0D1F02FD15D7D00BDFAE0 /* Test1App.swift in Sources */,
			);
			runOnlyForDeploymentPostprocessing = 0;
		};
/* End PBXSourcesBuildPhase section */

/* Begin XCBuildConfiguration section */
		B9404BF32FB168F70006E874 /* Debug */ = {
			isa = XCBuildConfiguration;
			buildSettings = {
				ALWAYS_SEARCH_USER_PATHS = NO;
				ASSETCATALOG_COMPILER_GENERATE_SWIFT_ASSET_SYMBOL_EXTENSIONS = YES;
				CLANG_ANALYZER_NONNULL = YES;
				CLANG_ANALYZER_NUMBER_OBJECT_CONVERSION = YES_AGGRESSIVE;
				CLANG_CXX_LANGUAGE_STANDARD = "gnu++20";
				CLANG_ENABLE_MODULES = YES;
				CLANG_ENABLE_OBJC_ARC = YES;
				CLANG_ENABLE_OBJC_WEAK = YES;
				CLANG_WARN_BLOCK_CAPTURE_AUTORELEASING = YES;
				CLANG_WARN_BOOL_CONVERSION = YES;
				CLANG_WARN_COMMA = YES;
				CLANG_WARN_CONSTANT_CONVERSION = YES;
				CLANG_WARN_DEPRECATED_OBJC_IMPLEMENTATIONS = YES;
				CLANG_WARN_DIRECT_OBJC_ISA_USAGE = YES_ERROR;
				CLANG_WARN_DOCUMENTATION_COMMENTS = YES;
				CLANG_WARN_EMPTY_BODY = YES;
				CLANG_WARN_ENUM_CONVERSION = YES;
				CLANG_WARN_INFINITE_RECURSION = YES;
				CLANG_WARN_INT_CONVERSION = YES;
				CLANG_WARN_NON_LITERAL_NULL_CONVERSION = YES;
				CLANG_WARN_OBJC_IMPLICIT_RETAIN_SELF = YES;
				CLANG_WARN_OBJC_LITERAL_CONVERSION = YES;
				CLANG_WARN_OBJC_ROOT_CLASS = YES_ERROR;
				CLANG_WARN_QUOTED_INCLUDE_IN_FRAMEWORK_HEADER = YES;
				CLANG_WARN_RANGE_LOOP_ANALYSIS = YES;
				CLANG_WARN_STRICT_PROTOTYPES = YES;
				CLANG_WARN_SUSPICIOUS_MOVE = YES;
				CLANG_WARN_UNGUARDED_AVAILABILITY = YES_AGGRESSIVE;
				CLANG_WARN_UNREACHABLE_CODE = YES;
				CLANG_WARN__DUPLICATE_METHOD_MATCH = YES;
				COPY_PHASE_STRIP = NO;
				DEBUG_INFORMATION_FORMAT = dwarf;
				ENABLE_STRICT_OBJC_MSGSEND = YES;
				ENABLE_TESTABILITY = YES;
				ENABLE_USER_SCRIPT_SANDBOXING = YES;
				GCC_C_LANGUAGE_STANDARD = gnu17;
				GCC_DYNAMIC_NO_PIC = NO;
				GCC_NO_COMMON_BLOCKS = YES;
				GCC_OPTIMIZATION_LEVEL = 0;
				GCC_PREPROCESSOR_DEFINITIONS = (
					"DEBUG=1",
					"$(inherited)",
				);
				GCC_WARN_64_TO_32_BIT_CONVERSION = YES;
				GCC_WARN_ABOUT_RETURN_TYPE = YES_ERROR;
				GCC_WARN_UNDECLARED_SELECTOR = YES;
				GCC_WARN_UNINITIALIZED_AUTOS = YES_AGGRESSIVE;
				GCC_WARN_UNUSED_FUNCTION = YES;
				GCC_WARN_UNUSED_VARIABLE = YES;
				IPHONEOS_DEPLOYMENT_TARGET = 18.6;
				LOCALIZATION_PREFERS_STRING_CATALOGS = YES;
				MTL_ENABLE_DEBUG_INFO = INCLUDE_SOURCE;
				MTL_FAST_MATH = YES;
				ONLY_ACTIVE_ARCH = YES;
				SDKROOT = iphoneos;
				SWIFT_ACTIVE_COMPILATION_CONDITIONS = "DEBUG $(inherited)";
				SWIFT_OPTIMIZATION_LEVEL = "-Onone";
			};
			name = Debug;
		};
		B9404BF42FB168F70006E874 /* Release */ = {
			isa = XCBuildConfiguration;
			buildSettings = {
				ALWAYS_SEARCH_USER_PATHS = NO;
				ASSETCATALOG_COMPILER_GENERATE_SWIFT_ASSET_SYMBOL_EXTENSIONS = YES;
				CLANG_ANALYZER_NONNULL = YES;
				CLANG_ANALYZER_NUMBER_OBJECT_CONVERSION = YES_AGGRESSIVE;
				CLANG_CXX_LANGUAGE_STANDARD = "gnu++20";
				CLANG_ENABLE_MODULES = YES;
				CLANG_ENABLE_OBJC_ARC = YES;
				CLANG_ENABLE_OBJC_WEAK = YES;
				CLANG_WARN_BLOCK_CAPTURE_AUTORELEASING = YES;
				CLANG_WARN_BOOL_CONVERSION = YES;
				CLANG_WARN_COMMA = YES;
				CLANG_WARN_CONSTANT_CONVERSION = YES;
				CLANG_WARN_DEPRECATED_OBJC_IMPLEMENTATIONS = YES;
				CLANG_WARN_DIRECT_OBJC_ISA_USAGE = YES_ERROR;
				CLANG_WARN_DOCUMENTATION_COMMENTS = YES;
				CLANG_WARN_EMPTY_BODY = YES;
				CLANG_WARN_ENUM_CONVERSION = YES;
				CLANG_WARN_INFINITE_RECURSION = YES;
				CLANG_WARN_INT_CONVERSION = YES;
				CLANG_WARN_NON_LITERAL_NULL_CONVERSION = YES;
				CLANG_WARN_OBJC_IMPLICIT_RETAIN_SELF = YES;
				CLANG_WARN_OBJC_LITERAL_CONVERSION = YES;
				CLANG_WARN_OBJC_ROOT_CLASS = YES_ERROR;
				CLANG_WARN_QUOTED_INCLUDE_IN_FRAMEWORK_HEADER = YES;
				CLANG_WARN_RANGE_LOOP_ANALYSIS = YES;
				CLANG_WARN_STRICT_PROTOTYPES = YES;
				CLANG_WARN_SUSPICIOUS_MOVE = YES;
				CLANG_WARN_UNGUARDED_AVAILABILITY = YES_AGGRESSIVE;
				CLANG_WARN_UNREACHABLE_CODE = YES;
				CLANG_WARN__DUPLICATE_METHOD_MATCH = YES;
				COPY_PHASE_STRIP = NO;
				DEBUG_INFORMATION_FORMAT = "dwarf-with-dsym";
				ENABLE_NS_ASSERTIONS = NO;
				ENABLE_STRICT_OBJC_MSGSEND = YES;
				ENABLE_USER_SCRIPT_SANDBOXING = YES;
				GCC_C_LANGUAGE_STANDARD = gnu17;
				GCC_NO_COMMON_BLOCKS = YES;
				GCC_WARN_64_TO_32_BIT_CONVERSION = YES;
				GCC_WARN_ABOUT_RETURN_TYPE = YES_ERROR;
				GCC_WARN_UNDECLARED_SELECTOR = YES;
				GCC_WARN_UNINITIALIZED_AUTOS = YES_AGGRESSIVE;
				GCC_WARN_UNUSED_FUNCTION = YES;
				GCC_WARN_UNUSED_VARIABLE = YES;
				IPHONEOS_DEPLOYMENT_TARGET = 18.6;
				LOCALIZATION_PREFERS_STRING_CATALOGS = YES;
				MTL_ENABLE_DEBUG_INFO = NO;
				MTL_FAST_MATH = YES;
				SDKROOT = iphoneos;
				SWIFT_COMPILATION_MODE = wholemodule;
				VALIDATE_PRODUCT = YES;
			};
			name = Release;
		};
		B9404BF62FB168F70006E874 /* Debug */ = {
			isa = XCBuildConfiguration;
			buildSettings = {
				ASSETCATALOG_COMPILER_APPICON_NAME = AppIcon;
				ASSETCATALOG_COMPILER_GLOBAL_ACCENT_COLOR_NAME = AccentColor;
				CODE_SIGN_STYLE = Automatic;
				CURRENT_PROJECT_VERSION = 1;
				DEVELOPMENT_TEAM = THRHR9X935;
				ENABLE_PREVIEWS = YES;
				GENERATE_INFOPLIST_FILE = YES;
				INFOPLIST_FILE = Test1/Info.plist;
				INFOPLIST_KEY_LSApplicationCategoryType = "";
				INFOPLIST_KEY_NSPhotoLibraryAddUsageDescription = "";
				INFOPLIST_KEY_UIApplicationSceneManifest_Generation = YES;
				INFOPLIST_KEY_UIApplicationSupportsIndirectInputEvents = YES;
				INFOPLIST_KEY_UILaunchScreen_Generation = YES;
				INFOPLIST_KEY_UISupportedInterfaceOrientations_iPad = "UIInterfaceOrientationPortrait UIInterfaceOrientationPortraitUpsideDown UIInterfaceOrientationLandscapeLeft UIInterfaceOrientationLandscapeRight";
				INFOPLIST_KEY_UISupportedInterfaceOrientations_iPhone = "UIInterfaceOrientationPortrait UIInterfaceOrientationLandscapeLeft UIInterfaceOrientationLandscapeRight";
				IPHONEOS_DEPLOYMENT_TARGET = 18.6;
				LD_RUNPATH_SEARCH_PATHS = (
					"$(inherited)",
					"@executable_path/Frameworks",
				);
				MARKETING_VERSION = 1.0;
				PRODUCT_BUNDLE_IDENTIFIER = TAPUNIVERSE.Test1;
				PRODUCT_NAME = "$(TARGET_NAME)";
				STRING_CATALOG_GENERATE_SYMBOLS = YES;
				SWIFT_APPROACHABLE_CONCURRENCY = YES;
				SWIFT_DEFAULT_ACTOR_ISOLATION = MainActor;
				SWIFT_EMIT_LOC_STRINGS = YES;
				SWIFT_UPCOMING_FEATURE_MEMBER_IMPORT_VISIBILITY = YES;
				SWIFT_VERSION = 5.0;
				TARGETED_DEVICE_FAMILY = "1,2";
			};
			name = Debug;
		};
		B9404BF72FB168F70006E874 /* Release */ = {
			isa = XCBuildConfiguration;
			buildSettings = {
				ASSETCATALOG_COMPILER_APPICON_NAME = AppIcon;
				ASSETCATALOG_COMPILER_GLOBAL_ACCENT_COLOR_NAME = AccentColor;
				CODE_SIGN_STYLE = Automatic;
				CURRENT_PROJECT_VERSION = 1;
				DEVELOPMENT_TEAM = THRHR9X935;
				ENABLE_PREVIEWS = YES;
				GENERATE_INFOPLIST_FILE = YES;
				INFOPLIST_FILE = Test1/Info.plist;
				INFOPLIST_KEY_LSApplicationCategoryType = "";
				INFOPLIST_KEY_NSPhotoLibraryAddUsageDescription = "";
				INFOPLIST_KEY_UIApplicationSceneManifest_Generation = YES;
				INFOPLIST_KEY_UIApplicationSupportsIndirectInputEvents = YES;
				INFOPLIST_KEY_UILaunchScreen_Generation = YES;
				INFOPLIST_KEY_UISupportedInterfaceOrientations_iPad = "UIInterfaceOrientationPortrait UIInterfaceOrientationPortraitUpsideDown UIInterfaceOrientationLandscapeLeft UIInterfaceOrientationLandscapeRight";
				INFOPLIST_KEY_UISupportedInterfaceOrientations_iPhone = "UIInterfaceOrientationPortrait UIInterfaceOrientationLandscapeLeft UIInterfaceOrientationLandscapeRight";
				IPHONEOS_DEPLOYMENT_TARGET = 18.6;
				LD_RUNPATH_SEARCH_PATHS = (
					"$(inherited)",
					"@executable_path/Frameworks",
				);
				MARKETING_VERSION = 1.0;
				PRODUCT_BUNDLE_IDENTIFIER = TAPUNIVERSE.Test1;
				PRODUCT_NAME = "$(TARGET_NAME)";
				STRING_CATALOG_GENERATE_SYMBOLS = YES;
				SWIFT_APPROACHABLE_CONCURRENCY = YES;
				SWIFT_DEFAULT_ACTOR_ISOLATION = MainActor;
				SWIFT_EMIT_LOC_STRINGS = YES;
				SWIFT_UPCOMING_FEATURE_MEMBER_IMPORT_VISIBILITY = YES;
				SWIFT_VERSION = 5.0;
				TARGETED_DEVICE_FAMILY = "1,2";
			};
			name = Release;
		};
/* End XCBuildConfiguration section */

/* Begin XCConfigurationList section */
		B9404BE52FB168F50006E874 /* Build configuration list for PBXProject "Test1" */ = {
			isa = XCConfigurationList;
			buildConfigurations = (
				B9404BF32FB168F70006E874 /* Debug */,
				B9404BF42FB168F70006E874 /* Release */,
			);
			defaultConfigurationIsVisible = 0;
			defaultConfigurationName = Release;
		};
		B9404BF52FB168F70006E874 /* Build configuration list for PBXNativeTarget "Test1" */ = {
			isa = XCConfigurationList;
			buildConfigurations = (
				B9404BF62FB168F70006E874 /* Debug */,
				B9404BF72FB168F70006E874 /* Release */,
			);
			defaultConfigurationIsVisible = 0;
			defaultConfigurationName = Release;
		};
/* End XCConfigurationList section */
	};
	rootObject = B9404BE22FB168F50006E874 /* Project object */;
}
